
Microsoft Visual Studio Solution File, Format Version 11.00
# Visual Studio 2010
Project("{FAE04EC0-301F-11D3-BF4B-00C04F79EFBC}") = "WeightedRandom.DemoConsoleApp", "WeightedRandom.DemoConsoleApp\WeightedRandom.DemoConsoleApp.csproj", "{F54D50B8-9192-4A32-8963-AD6F55CE01AD}"
EndProject
Project("{FAE04EC0-301F-11D3-BF4B-00C04F79EFBC}") = "WeightedRandom", "WeightedRandom\WeightedRandom.csproj", "{2F801AC2-756C-471A-8BDB-805B7DA0D225}"
EndProject
Project("{FAE04EC0-301F-11D3-BF4B-00C04F79EFBC}") = "WeightedRandom.Tests", "WeightedRandom.Tests\WeightedRandom.Tests.csproj", "{CC8F8ABE-FE89-4970-AFED-2CFCF61099D5}"
EndProject
Global
	GlobalSection(SolutionConfigurationPlatforms) = preSolution
		Debug|Any CPU = Debug|Any CPU
		Release|Any CPU = Release|Any CPU
	EndGlobalSection
	GlobalSection(ProjectConfigurationPlatforms) = postSolution
		{F54D50B8-9192-4A32-8963-AD6F55CE01AD}.Debug|Any CPU.ActiveCfg = Debug|Any CPU
		{F54D50B8-9192-4A32-8963-AD6F55CE01AD}.Debug|Any CPU.Build.0 = Debug|Any CPU
		{F54D50B8-9192-4A32-8963-AD6F55CE01AD}.Release|Any CPU.ActiveCfg = Release|Any CPU
		{F54D50B8-9192-4A32-8963-AD6F55CE01AD}.Release|Any CPU.Build.0 = Release|Any CPU
		{2F801AC2-756C-471A-8BDB-805B7DA0D225}.Debug|Any CPU.ActiveCfg = Debug|Any CPU
		{2F801AC2-756C-471A-8BDB-805B7DA0D225}.Debug|Any CPU.Build.0 = Debug|Any CPU
		{2F801AC2-756C-471A-8BDB-805B7DA0D225}.Release|Any CPU.ActiveCfg = Release|Any CPU
		{2F801AC2-756C-471A-8BDB-805B7DA0D225}.Release|Any CPU.Build.0 = Release|Any CPU
		{CC8F8ABE-FE89-4970-AFED-2CFCF61099D5}.Debug|Any CPU.ActiveCfg = Debug|Any CPU
		{CC8F8ABE-FE89-4970-AFED-2CFCF61099D5}.Debug|Any CPU.Build.0 = Debug|Any CPU
		{CC8F8ABE-FE89-4970-AFED-2CFCF61099D5}.Release|Any CPU.ActiveCfg = Release|Any CPU
		{CC8F8ABE-FE89-4970-AFED-2CFCF61099D5}.Release|Any CPU.Build.0 = Release|Any CPU
	EndGlobalSection
	GlobalSection(SolutionProperties) = preSolution
		HideSolutionNode = FALSE
	EndGlobalSection
EndGlobal
